
Microsoft Visual Studio Solution File, Format Version 12.00
# Visual Studio 15
VisualStudioVersion = 15.0.28307.136
MinimumVisualStudioVersion = 10.0.40219.1
Project("{9A19103F-16F7-4668-BE54-9A1E7A4F7556}") = "WebApplication1", "WebApplication1\WebApplication1.csproj", "{697EDA63-039A-41FE-BDF7-1A4F00D0538B}"
EndProject
Global
	GlobalSection(SolutionConfigurationPlatforms) = preSolution
		Debug|Any CPU = Debug|Any CPU
		Release|Any CPU = Release|Any CPU
	EndGlobalSection
	GlobalSection(ProjectConfigurationPlatforms) = postSolution
		{697EDA63-039A-41FE-BDF7-1A4F00D0538B}.Debug|Any CPU.ActiveCfg = Debug|Any CPU
		{697EDA63-039A-41FE-BDF7-1A4F00D0538B}.Debug|Any CPU.Build.0 = Debug|Any CPU
		{697EDA63-039A-41FE-BDF7-1A4F00D0538B}.Release|Any CPU.ActiveCfg = Release|Any CPU
		{697EDA63-039A-41FE-BDF7-1A4F00D0538B}.Release|Any CPU.Build.0 = Release|Any CPU
	EndGlobalSection
	GlobalSection(SolutionProperties) = preSolution
		HideSolutionNode = FALSE
	EndGlobalSection
	GlobalSection(ExtensibilityGlobals) = postSolution
		SolutionGuid = {0BED6120-D63E-4B29-84AF-51B3584D09C3}
	EndGlobalSection
EndGlobal
